
Microsoft Visual Studio Solution File, Format Version 12.00
# Visual Studio Version 17
VisualStudioVersion = 17.12.35707.178
MinimumVisualStudioVersion = 10.0.40219.1
Project("{FAE04EC0-301F-11D3-BF4B-00C04F79EFBC}") = "TrainerTraineeConsoleApp", "TrainerTraineeConsoleApp\TrainerTraineeConsoleApp.csproj", "{3FF313C7-7D11-437C-B1B0-93E4BBFE1382}"
EndProject
Project("{FAE04EC0-301F-11D3-BF4B-00C04F79EFBC}") = "IDELanguagesDemo", "IDELanguagesDemo\IDELanguagesDemo.csproj", "{BD06F215-557C-4839-9B1F-4D93799D9665}"
EndProject
Project("{FAE04EC0-301F-11D3-BF4B-00C04F79EFBC}") = "CompanyDemo", "CompanyDemo\CompanyDemo.csproj", "{1158C075-C6A1-4079-ABBC-27003FDF233C}"
EndProject
Project("{FAE04EC0-301F-11D3-BF4B-00C04F79EFBC}") = "ExceptionDemo1", "ExceptionDemo1\ExceptionDemo1.csproj", "{E91C01FE-ECC8-487C-A4BB-24D80ADFDF9A}"
EndProject
Project("{FAE04EC0-301F-11D3-BF4B-00C04F79EFBC}") = "SimpleMathClassLibrary", "SimpleMathClassLibrary\SimpleMathClassLibrary.csproj", "{C99B8553-371E-499D-B369-1EB52202B3CE}"
EndProject
Project("{FAE04EC0-301F-11D3-BF4B-00C04F79EFBC}") = "SkillAssureTrainingModel", "SkillAssureTrainingModel\SkillAssureTrainingModel.csproj", "{97220EB4-A580-462B-9AE0-9D403E5E423E}"
EndProject
Project("{FAE04EC0-301F-11D3-BF4B-00C04F79EFBC}") = "PolymorphismThroughInterfaces", "PolymorphismThroughInterfaces\PolymorphismThroughInterfaces.csproj", "{BCABBEAD-F22C-4CCD-8763-1F05861C42C9}"
EndProject
Project("{FAE04EC0-301F-11D3-BF4B-00C04F79EFBC}") = "OverridingPolymorphism", "OverridingPolymorphism\OverridingPolymorphism.csproj", "{F33F2ADF-ABDE-4615-9DE5-D2EF171BCB55}"
EndProject
Project("{FAE04EC0-301F-11D3-BF4B-00C04F79EFBC}") = "OOProgrammingExercise", "OOProgrammingExercise\OOProgrammingExercise.csproj", "{941377B8-9A87-47DF-8A83-E9AA6F4CF139}"
EndProject
Project("{2150E333-8FDC-42A3-9474-1A3956D46DE8}") = "Delegates", "Delegates", "{0DD087C0-C91B-4ACB-B2BE-78CF93BCB551}"
EndProject
Project("{FAE04EC0-301F-11D3-BF4B-00C04F79EFBC}") = "DelgatesDemo1", "DelgatesDemo1\DelgatesDemo1.csproj", "{FD47C40A-8064-4E0D-9375-3DC2B915DA8D}"
EndProject
Project("{FAE04EC0-301F-11D3-BF4B-00C04F79EFBC}") = "DelegateDemo2", "DelegateDemo2\DelegateDemo2.csproj", "{6BE3DFE2-515E-4B62-805E-5703DAD45FB7}"
EndProject
Project("{FAE04EC0-301F-11D3-BF4B-00C04F79EFBC}") = "DelegateDemo3", "DelegateDemo3\DelegateDemo3.csproj", "{BB22901F-2A72-47BF-BF9D-7E2A7428B280}"
EndProject
Project("{FAE04EC0-301F-11D3-BF4B-00C04F79EFBC}") = "DelegateBasics", "DelegateBasics\DelegateBasics.csproj", "{4BCCEAE7-B940-41CB-BC3C-2C11193C81B3}"
EndProject
Project("{FAE04EC0-301F-11D3-BF4B-00C04F79EFBC}") = "EventDelegates", "EventDelegates\EventDelegates.csproj", "{7F677956-3704-4D82-A396-F1CA695DF323}"
EndProject
Project("{FAE04EC0-301F-11D3-BF4B-00C04F79EFBC}") = "StockTradingApp", "StockTradingApp\StockTradingApp.csproj", "{16B1B05B-C194-4F72-9DC9-6113AB027721}"
EndProject
Project("{FAE04EC0-301F-11D3-BF4B-00C04F79EFBC}") = "LinqDemo1", "LinqDemo1\LinqDemo1.csproj", "{C61BE5BC-8FB0-4E0F-AC19-5F2914DA2351}"
EndProject
Project("{FAE04EC0-301F-11D3-BF4B-00C04F79EFBC}") = "LanguageEnhancements", "LanguageEnhancements\LanguageEnhancements.csproj", "{3DEDC89E-780E-42F8-B69C-133B2C1B20CF}"
EndProject
Project("{2150E333-8FDC-42A3-9474-1A3956D46DE8}") = "LINQ", "LINQ", "{80F8CEC0-8877-490A-812C-3387B39C516C}"
EndProject
Project("{FAE04EC0-301F-11D3-BF4B-00C04F79EFBC}") = "LinqDemo2", "LinqDemo2\LinqDemo2.csproj", "{71074D47-4DF5-4ABA-8277-B6D1066FEA09}"
EndProject
Project("{FAE04EC0-301F-11D3-BF4B-00C04F79EFBC}") = "LinqDemo3", "LinqDemo3\LinqDemo3.csproj", "{540DF5B5-203D-4338-82B1-B077533AE58F}"
EndProject
Project("{FAE04EC0-301F-11D3-BF4B-00C04F79EFBC}") = "LinqtoXML", "LinqtoXML\LinqtoXML.csproj", "{6C0CFA5C-2DD0-4D70-B9F8-D6F7ABDF5052}"
EndProject
Project("{FAE04EC0-301F-11D3-BF4B-00C04F79EFBC}") = "LinqToObjectsDemo", "LinqToObjectsDemo\LinqToObjectsDemo.csproj", "{482A8436-6450-475E-A297-96494941B808}"
EndProject
Project("{FAE04EC0-301F-11D3-BF4B-00C04F79EFBC}") = "LinqtoObjectsLab", "LinqtoObjectsLab\LinqtoObjectsLab.csproj", "{C55B2D4A-7949-4CCF-A974-921E46F4B75B}"
EndProject
Project("{FAE04EC0-301F-11D3-BF4B-00C04F79EFBC}") = "LinqtoXMLLabs", "LinqtoXMLLabs\LinqtoXMLLabs.csproj", "{7AE9FD14-7CC6-4A81-8CCF-9B5E185D5DAE}"
EndProject
Project("{2150E333-8FDC-42A3-9474-1A3956D46DE8}") = "Logging", "Logging", "{568C9063-A5E2-4F1D-8EA4-DA3880A46645}"
EndProject
Project("{FAE04EC0-301F-11D3-BF4B-00C04F79EFBC}") = "NlogDemoLab", "NlogDemoLab\NlogDemoLab.csproj", "{3DD2097F-9BAF-41ED-8604-765AA68A0E24}"
EndProject
Project("{FAE04EC0-301F-11D3-BF4B-00C04F79EFBC}") = "POSApp", "POSApp\POSApp.csproj", "{61926AF7-BEB1-4171-BDD6-3B42E31321EA}"
EndProject
Project("{2150E333-8FDC-42A3-9474-1A3956D46DE8}") = "DesignPattern", "DesignPattern", "{CEDBE5A6-E780-4864-872D-346B77CBF3C1}"
EndProject
Project("{FAE04EC0-301F-11D3-BF4B-00C04F79EFBC}") = "StatergyDesignPatternLab", "StatergyDesignPatternLab\StatergyDesignPatternLab.csproj", "{B45D2E74-6C68-45F4-AFBE-63D524298B0C}"
EndProject
Project("{FAE04EC0-301F-11D3-BF4B-00C04F79EFBC}") = "ObserverDesignPattern", "ObserverDesignPattern\ObserverDesignPattern.csproj", "{0C761E70-7F0C-4405-B7DA-F4EA17857B25}"
EndProject
Project("{FAE04EC0-301F-11D3-BF4B-00C04F79EFBC}") = "ExceptionDemo2", "ExceptionDemo2\ExceptionDemo2.csproj", "{765D66A1-3EF3-459D-970C-C79364B24FCE}"
EndProject
Project("{2150E333-8FDC-42A3-9474-1A3956D46DE8}") = "UnitTesting", "UnitTesting", "{C3E40F4B-FB7A-4536-9F02-CC83297942E5}"
EndProject
Project("{FAE04EC0-301F-11D3-BF4B-00C04F79EFBC}") = "SimpleCalcLib", "SimpleCalcLib\SimpleCalcLib.csproj", "{11C48D4B-3CA5-424B-B256-4704A32D8431}"
EndProject
Project("{FAE04EC0-301F-11D3-BF4B-00C04F79EFBC}") = "SimpleCalcLib.TestProject", "SimpleCalcLib.TestProject\SimpleCalcLib.TestProject.csproj", "{7D11087F-8545-4847-8046-C6ADEE687A1A}"
EndProject
Project("{FAE04EC0-301F-11D3-BF4B-00C04F79EFBC}") = "BankApp", "BankApp\BankApp.csproj", "{6A3FF411-B93E-48D6-AEE5-AB75A098C090}"
EndProject
Project("{FAE04EC0-301F-11D3-BF4B-00C04F79EFBC}") = "BankApp.TestProject", "BankApp.TestProject\BankApp.TestProject.csproj", "{6A58A0AC-EC2F-46C0-8884-DC9F1D7DBA3C}"
EndProject
Project("{2150E333-8FDC-42A3-9474-1A3956D46DE8}") = "BookHub", "BookHub", "{D2A38D31-A0D7-4320-BA94-291FFF3F1923}"
EndProject
Project("{FAE04EC0-301F-11D3-BF4B-00C04F79EFBC}") = "BookHub.Core", "BookHub.Core\BookHub.Core.csproj", "{084CCA7A-1AFC-42F5-B48E-17FFB1F41B9D}"
EndProject
Project("{FAE04EC0-301F-11D3-BF4B-00C04F79EFBC}") = "BookHub.Tests", "BookHub.Tests\BookHub.Tests.csproj", "{723486ED-54B4-4A5C-8CD4-7CAE15A0C627}"
EndProject
Project("{2150E333-8FDC-42A3-9474-1A3956D46DE8}") = "EFCore", "EFCore", "{339A434A-CBF1-4F7B-A4DF-03D0D1A96FBA}"
EndProject
Project("{FAE04EC0-301F-11D3-BF4B-00C04F79EFBC}") = "EFDemoApp", "EFDemoApp\EFDemoApp.csproj", "{82281FB6-5B2C-42EC-9D42-E5423BF870DF}"
EndProject
Project("{FAE04EC0-301F-11D3-BF4B-00C04F79EFBC}") = "StudentManagement", "StudentManagement\StudentManagement.csproj", "{337E470F-7F0C-4E4E-8830-8D8B763D78C1}"
EndProject
Project("{FAE04EC0-301F-11D3-BF4B-00C04F79EFBC}") = "StudentEnrollment", "StudentEnrollment\StudentEnrollment.csproj", "{1FCC3D33-0272-4531-B830-3C4F70B1B72F}"
EndProject
Project("{2150E333-8FDC-42A3-9474-1A3956D46DE8}") = "APIDemo", "APIDemo", "{34C9378A-AA68-42C6-9713-825DA2136A19}"
EndProject
Project("{FAE04EC0-301F-11D3-BF4B-00C04F79EFBC}") = "HarmanProductCatalogService", "HarmanProductCatalogService\HarmanProductCatalogService.csproj", "{42738724-3660-4385-8855-A400E925CD53}"
EndProject
Global
	GlobalSection(SolutionConfigurationPlatforms) = preSolution
		Debug|Any CPU = Debug|Any CPU
		Release|Any CPU = Release|Any CPU
	EndGlobalSection
	GlobalSection(ProjectConfigurationPlatforms) = postSolution
		{3FF313C7-7D11-437C-B1B0-93E4BBFE1382}.Debug|Any CPU.ActiveCfg = Debug|Any CPU
		{3FF313C7-7D11-437C-B1B0-93E4BBFE1382}.Debug|Any CPU.Build.0 = Debug|Any CPU
		{3FF313C7-7D11-437C-B1B0-93E4BBFE1382}.Release|Any CPU.ActiveCfg = Release|Any CPU
		{3FF313C7-7D11-437C-B1B0-93E4BBFE1382}.Release|Any CPU.Build.0 = Release|Any CPU
		{BD06F215-557C-4839-9B1F-4D93799D9665}.Debug|Any CPU.ActiveCfg = Debug|Any CPU
		{BD06F215-557C-4839-9B1F-4D93799D9665}.Debug|Any CPU.Build.0 = Debug|Any CPU
		{BD06F215-557C-4839-9B1F-4D93799D9665}.Release|Any CPU.ActiveCfg = Release|Any CPU
		{BD06F215-557C-4839-9B1F-4D93799D9665}.Release|Any CPU.Build.0 = Release|Any CPU
		{1158C075-C6A1-4079-ABBC-27003FDF233C}.Debug|Any CPU.ActiveCfg = Debug|Any CPU
		{1158C075-C6A1-4079-ABBC-27003FDF233C}.Debug|Any CPU.Build.0 = Debug|Any CPU
		{1158C075-C6A1-4079-ABBC-27003FDF233C}.Release|Any CPU.ActiveCfg = Release|Any CPU
		{1158C075-C6A1-4079-ABBC-27003FDF233C}.Release|Any CPU.Build.0 = Release|Any CPU
		{E91C01FE-ECC8-487C-A4BB-24D80ADFDF9A}.Debug|Any CPU.ActiveCfg = Debug|Any CPU
		{E91C01FE-ECC8-487C-A4BB-24D80ADFDF9A}.Debug|Any CPU.Build.0 = Debug|Any CPU
		{E91C01FE-ECC8-487C-A4BB-24D80ADFDF9A}.Release|Any CPU.ActiveCfg = Release|Any CPU
		{E91C01FE-ECC8-487C-A4BB-24D80ADFDF9A}.Release|Any CPU.Build.0 = Release|Any CPU
		{C99B8553-371E-499D-B369-1EB52202B3CE}.Debug|Any CPU.ActiveCfg = Debug|Any CPU
		{C99B8553-371E-499D-B369-1EB52202B3CE}.Debug|Any CPU.Build.0 = Debug|Any CPU
		{C99B8553-371E-499D-B369-1EB52202B3CE}.Release|Any CPU.ActiveCfg = Release|Any CPU
		{C99B8553-371E-499D-B369-1EB52202B3CE}.Release|Any CPU.Build.0 = Release|Any CPU
		{97220EB4-A580-462B-9AE0-9D403E5E423E}.Debug|Any CPU.ActiveCfg = Debug|Any CPU
		{97220EB4-A580-462B-9AE0-9D403E5E423E}.Debug|Any CPU.Build.0 = Debug|Any CPU
		{97220EB4-A580-462B-9AE0-9D403E5E423E}.Release|Any CPU.ActiveCfg = Release|Any CPU
		{97220EB4-A580-462B-9AE0-9D403E5E423E}.Release|Any CPU.Build.0 = Release|Any CPU
		{BCABBEAD-F22C-4CCD-8763-1F05861C42C9}.Debug|Any CPU.ActiveCfg = Debug|Any CPU
		{BCABBEAD-F22C-4CCD-8763-1F05861C42C9}.Debug|Any CPU.Build.0 = Debug|Any CPU
		{BCABBEAD-F22C-4CCD-8763-1F05861C42C9}.Release|Any CPU.ActiveCfg = Release|Any CPU
		{BCABBEAD-F22C-4CCD-8763-1F05861C42C9}.Release|Any CPU.Build.0 = Release|Any CPU
		{F33F2ADF-ABDE-4615-9DE5-D2EF171BCB55}.Debug|Any CPU.ActiveCfg = Debug|Any CPU
		{F33F2ADF-ABDE-4615-9DE5-D2EF171BCB55}.Debug|Any CPU.Build.0 = Debug|Any CPU
		{F33F2ADF-ABDE-4615-9DE5-D2EF171BCB55}.Release|Any CPU.ActiveCfg = Release|Any CPU
		{F33F2ADF-ABDE-4615-9DE5-D2EF171BCB55}.Release|Any CPU.Build.0 = Release|Any CPU
		{941377B8-9A87-47DF-8A83-E9AA6F4CF139}.Debug|Any CPU.ActiveCfg = Debug|Any CPU
		{941377B8-9A87-47DF-8A83-E9AA6F4CF139}.Debug|Any CPU.Build.0 = Debug|Any CPU
		{941377B8-9A87-47DF-8A83-E9AA6F4CF139}.Release|Any CPU.ActiveCfg = Release|Any CPU
		{941377B8-9A87-47DF-8A83-E9AA6F4CF139}.Release|Any CPU.Build.0 = Release|Any CPU
		{FD47C40A-8064-4E0D-9375-3DC2B915DA8D}.Debug|Any CPU.ActiveCfg = Debug|Any CPU
		{FD47C40A-8064-4E0D-9375-3DC2B915DA8D}.Debug|Any CPU.Build.0 = Debug|Any CPU
		{FD47C40A-8064-4E0D-9375-3DC2B915DA8D}.Release|Any CPU.ActiveCfg = Release|Any CPU
		{FD47C40A-8064-4E0D-9375-3DC2B915DA8D}.Release|Any CPU.Build.0 = Release|Any CPU
		{6BE3DFE2-515E-4B62-805E-5703DAD45FB7}.Debug|Any CPU.ActiveCfg = Debug|Any CPU
		{6BE3DFE2-515E-4B62-805E-5703DAD45FB7}.Debug|Any CPU.Build.0 = Debug|Any CPU
		{6BE3DFE2-515E-4B62-805E-5703DAD45FB7}.Release|Any CPU.ActiveCfg = Release|Any CPU
		{6BE3DFE2-515E-4B62-805E-5703DAD45FB7}.Release|Any CPU.Build.0 = Release|Any CPU
		{BB22901F-2A72-47BF-BF9D-7E2A7428B280}.Debug|Any CPU.ActiveCfg = Debug|Any CPU
		{BB22901F-2A72-47BF-BF9D-7E2A7428B280}.Debug|Any CPU.Build.0 = Debug|Any CPU
		{BB22901F-2A72-47BF-BF9D-7E2A7428B280}.Release|Any CPU.ActiveCfg = Release|Any CPU
		{BB22901F-2A72-47BF-BF9D-7E2A7428B280}.Release|Any CPU.Build.0 = Release|Any CPU
		{4BCCEAE7-B940-41CB-BC3C-2C11193C81B3}.Debug|Any CPU.ActiveCfg = Debug|Any CPU
		{4BCCEAE7-B940-41CB-BC3C-2C11193C81B3}.Debug|Any CPU.Build.0 = Debug|Any CPU
		{4BCCEAE7-B940-41CB-BC3C-2C11193C81B3}.Release|Any CPU.ActiveCfg = Release|Any CPU
		{4BCCEAE7-B940-41CB-BC3C-2C11193C81B3}.Release|Any CPU.Build.0 = Release|Any CPU
		{7F677956-3704-4D82-A396-F1CA695DF323}.Debug|Any CPU.ActiveCfg = Debug|Any CPU
		{7F677956-3704-4D82-A396-F1CA695DF323}.Debug|Any CPU.Build.0 = Debug|Any CPU
		{7F677956-3704-4D82-A396-F1CA695DF323}.Release|Any CPU.ActiveCfg = Release|Any CPU
		{7F677956-3704-4D82-A396-F1CA695DF323}.Release|Any CPU.Build.0 = Release|Any CPU
		{16B1B05B-C194-4F72-9DC9-6113AB027721}.Debug|Any CPU.ActiveCfg = Debug|Any CPU
		{16B1B05B-C194-4F72-9DC9-6113AB027721}.Debug|Any CPU.Build.0 = Debug|Any CPU
		{16B1B05B-C194-4F72-9DC9-6113AB027721}.Release|Any CPU.ActiveCfg = Release|Any CPU
		{16B1B05B-C194-4F72-9DC9-6113AB027721}.Release|Any CPU.Build.0 = Release|Any CPU
		{C61BE5BC-8FB0-4E0F-AC19-5F2914DA2351}.Debug|Any CPU.ActiveCfg = Debug|Any CPU
		{C61BE5BC-8FB0-4E0F-AC19-5F2914DA2351}.Debug|Any CPU.Build.0 = Debug|Any CPU
		{C61BE5BC-8FB0-4E0F-AC19-5F2914DA2351}.Release|Any CPU.ActiveCfg = Release|Any CPU
		{C61BE5BC-8FB0-4E0F-AC19-5F2914DA2351}.Release|Any CPU.Build.0 = Release|Any CPU
		{3DEDC89E-780E-42F8-B69C-133B2C1B20CF}.Debug|Any CPU.ActiveCfg = Debug|Any CPU
		{3DEDC89E-780E-42F8-B69C-133B2C1B20CF}.Debug|Any CPU.Build.0 = Debug|Any CPU
		{3DEDC89E-780E-42F8-B69C-133B2C1B20CF}.Release|Any CPU.ActiveCfg = Release|Any CPU
		{3DEDC89E-780E-42F8-B69C-133B2C1B20CF}.Release|Any CPU.Build.0 = Release|Any CPU
		{71074D47-4DF5-4ABA-8277-B6D1066FEA09}.Debug|Any CPU.ActiveCfg = Debug|Any CPU
		{71074D47-4DF5-4ABA-8277-B6D1066FEA09}.Debug|Any CPU.Build.0 = Debug|Any CPU
		{71074D47-4DF5-4ABA-8277-B6D1066FEA09}.Release|Any CPU.ActiveCfg = Release|Any CPU
		{71074D47-4DF5-4ABA-8277-B6D1066FEA09}.Release|Any CPU.Build.0 = Release|Any CPU
		{540DF5B5-203D-4338-82B1-B077533AE58F}.Debug|Any CPU.ActiveCfg = Debug|Any CPU
		{540DF5B5-203D-4338-82B1-B077533AE58F}.Debug|Any CPU.Build.0 = Debug|Any CPU
		{540DF5B5-203D-4338-82B1-B077533AE58F}.Release|Any CPU.ActiveCfg = Release|Any CPU
		{540DF5B5-203D-4338-82B1-B077533AE58F}.Release|Any CPU.Build.0 = Release|Any CPU
		{6C0CFA5C-2DD0-4D70-B9F8-D6F7ABDF5052}.Debug|Any CPU.ActiveCfg = Debug|Any CPU
		{6C0CFA5C-2DD0-4D70-B9F8-D6F7ABDF5052}.Debug|Any CPU.Build.0 = Debug|Any CPU
		{6C0CFA5C-2DD0-4D70-B9F8-D6F7ABDF5052}.Release|Any CPU.ActiveCfg = Release|Any CPU
		{6C0CFA5C-2DD0-4D70-B9F8-D6F7ABDF5052}.Release|Any CPU.Build.0 = Release|Any CPU
		{482A8436-6450-475E-A297-96494941B808}.Debug|Any CPU.ActiveCfg = Debug|Any CPU
		{482A8436-6450-475E-A297-96494941B808}.Debug|Any CPU.Build.0 = Debug|Any CPU
		{482A8436-6450-475E-A297-96494941B808}.Release|Any CPU.ActiveCfg = Release|Any CPU
		{482A8436-6450-475E-A297-96494941B808}.Release|Any CPU.Build.0 = Release|Any CPU
		{C55B2D4A-7949-4CCF-A974-921E46F4B75B}.Debug|Any CPU.ActiveCfg = Debug|Any CPU
		{C55B2D4A-7949-4CCF-A974-921E46F4B75B}.Debug|Any CPU.Build.0 = Debug|Any CPU
		{C55B2D4A-7949-4CCF-A974-921E46F4B75B}.Release|Any CPU.ActiveCfg = Release|Any CPU
		{C55B2D4A-7949-4CCF-A974-921E46F4B75B}.Release|Any CPU.Build.0 = Release|Any CPU
		{7AE9FD14-7CC6-4A81-8CCF-9B5E185D5DAE}.Debug|Any CPU.ActiveCfg = Debug|Any CPU
		{7AE9FD14-7CC6-4A81-8CCF-9B5E185D5DAE}.Debug|Any CPU.Build.0 = Debug|Any CPU
		{7AE9FD14-7CC6-4A81-8CCF-9B5E185D5DAE}.Release|Any CPU.ActiveCfg = Release|Any CPU
		{7AE9FD14-7CC6-4A81-8CCF-9B5E185D5DAE}.Release|Any CPU.Build.0 = Release|Any CPU
		{3DD2097F-9BAF-41ED-8604-765AA68A0E24}.Debug|Any CPU.ActiveCfg = Debug|Any CPU
		{3DD2097F-9BAF-41ED-8604-765AA68A0E24}.Debug|Any CPU.Build.0 = Debug|Any CPU
		{3DD2097F-9BAF-41ED-8604-765AA68A0E24}.Release|Any CPU.ActiveCfg = Release|Any CPU
		{3DD2097F-9BAF-41ED-8604-765AA68A0E24}.Release|Any CPU.Build.0 = Release|Any CPU
		{61926AF7-BEB1-4171-BDD6-3B42E31321EA}.Debug|Any CPU.ActiveCfg = Debug|Any CPU
		{61926AF7-BEB1-4171-BDD6-3B42E31321EA}.Debug|Any CPU.Build.0 = Debug|Any CPU
		{61926AF7-BEB1-4171-BDD6-3B42E31321EA}.Release|Any CPU.ActiveCfg = Release|Any CPU
		{61926AF7-BEB1-4171-BDD6-3B42E31321EA}.Release|Any CPU.Build.0 = Release|Any CPU
		{B45D2E74-6C68-45F4-AFBE-63D524298B0C}.Debug|Any CPU.ActiveCfg = Debug|Any CPU
		{B45D2E74-6C68-45F4-AFBE-63D524298B0C}.Debug|Any CPU.Build.0 = Debug|Any CPU
		{B45D2E74-6C68-45F4-AFBE-63D524298B0C}.Release|Any CPU.ActiveCfg = Release|Any CPU
		{B45D2E74-6C68-45F4-AFBE-63D524298B0C}.Release|Any CPU.Build.0 = Release|Any CPU
		{0C761E70-7F0C-4405-B7DA-F4EA17857B25}.Debug|Any CPU.ActiveCfg = Debug|Any CPU
		{0C761E70-7F0C-4405-B7DA-F4EA17857B25}.Debug|Any CPU.Build.0 = Debug|Any CPU
		{0C761E70-7F0C-4405-B7DA-F4EA17857B25}.Release|Any CPU.ActiveCfg = Release|Any CPU
		{0C761E70-7F0C-4405-B7DA-F4EA17857B25}.Release|Any CPU.Build.0 = Release|Any CPU
		{765D66A1-3EF3-459D-970C-C79364B24FCE}.Debug|Any CPU.ActiveCfg = Debug|Any CPU
		{765D66A1-3EF3-459D-970C-C79364B24FCE}.Debug|Any CPU.Build.0 = Debug|Any CPU
		{765D66A1-3EF3-459D-970C-C79364B24FCE}.Release|Any CPU.ActiveCfg = Release|Any CPU
		{765D66A1-3EF3-459D-970C-C79364B24FCE}.Release|Any CPU.Build.0 = Release|Any CPU
		{11C48D4B-3CA5-424B-B256-4704A32D8431}.Debug|Any CPU.ActiveCfg = Debug|Any CPU
		{11C48D4B-3CA5-424B-B256-4704A32D8431}.Debug|Any CPU.Build.0 = Debug|Any CPU
		{11C48D4B-3CA5-424B-B256-4704A32D8431}.Release|Any CPU.ActiveCfg = Release|Any CPU
		{11C48D4B-3CA5-424B-B256-4704A32D8431}.Release|Any CPU.Build.0 = Release|Any CPU
		{7D11087F-8545-4847-8046-C6ADEE687A1A}.Debug|Any CPU.ActiveCfg = Debug|Any CPU
		{7D11087F-8545-4847-8046-C6ADEE687A1A}.Debug|Any CPU.Build.0 = Debug|Any CPU
		{7D11087F-8545-4847-8046-C6ADEE687A1A}.Release|Any CPU.ActiveCfg = Release|Any CPU
		{7D11087F-8545-4847-8046-C6ADEE687A1A}.Release|Any CPU.Build.0 = Release|Any CPU
		{6A3FF411-B93E-48D6-AEE5-AB75A098C090}.Debug|Any CPU.ActiveCfg = Debug|Any CPU
		{6A3FF411-B93E-48D6-AEE5-AB75A098C090}.Debug|Any CPU.Build.0 = Debug|Any CPU
		{6A3FF411-B93E-48D6-AEE5-AB75A098C090}.Release|Any CPU.ActiveCfg = Release|Any CPU
		{6A3FF411-B93E-48D6-AEE5-AB75A098C090}.Release|Any CPU.Build.0 = Release|Any CPU
		{6A58A0AC-EC2F-46C0-8884-DC9F1D7DBA3C}.Debug|Any CPU.ActiveCfg = Debug|Any CPU
		{6A58A0AC-EC2F-46C0-8884-DC9F1D7DBA3C}.Debug|Any CPU.Build.0 = Debug|Any CPU
		{6A58A0AC-EC2F-46C0-8884-DC9F1D7DBA3C}.Release|Any CPU.ActiveCfg = Release|Any CPU
		{6A58A0AC-EC2F-46C0-8884-DC9F1D7DBA3C}.Release|Any CPU.Build.0 = Release|Any CPU
		{084CCA7A-1AFC-42F5-B48E-17FFB1F41B9D}.Debug|Any CPU.ActiveCfg = Debug|Any CPU
		{084CCA7A-1AFC-42F5-B48E-17FFB1F41B9D}.Debug|Any CPU.Build.0 = Debug|Any CPU
		{084CCA7A-1AFC-42F5-B48E-17FFB1F41B9D}.Release|Any CPU.ActiveCfg = Release|Any CPU
		{084CCA7A-1AFC-42F5-B48E-17FFB1F41B9D}.Release|Any CPU.Build.0 = Release|Any CPU
		{723486ED-54B4-4A5C-8CD4-7CAE15A0C627}.Debug|Any CPU.ActiveCfg = Debug|Any CPU
		{723486ED-54B4-4A5C-8CD4-7CAE15A0C627}.Debug|Any CPU.Build.0 = Debug|Any CPU
		{723486ED-54B4-4A5C-8CD4-7CAE15A0C627}.Release|Any CPU.ActiveCfg = Release|Any CPU
		{723486ED-54B4-4A5C-8CD4-7CAE15A0C627}.Release|Any CPU.Build.0 = Release|Any CPU
		{82281FB6-5B2C-42EC-9D42-E5423BF870DF}.Debug|Any CPU.ActiveCfg = Debug|Any CPU
		{82281FB6-5B2C-42EC-9D42-E5423BF870DF}.Debug|Any CPU.Build.0 = Debug|Any CPU
		{82281FB6-5B2C-42EC-9D42-E5423BF870DF}.Release|Any CPU.ActiveCfg = Release|Any CPU
		{82281FB6-5B2C-42EC-9D42-E5423BF870DF}.Release|Any CPU.Build.0 = Release|Any CPU
		{337E470F-7F0C-4E4E-8830-8D8B763D78C1}.Debug|Any CPU.ActiveCfg = Debug|Any CPU
		{337E470F-7F0C-4E4E-8830-8D8B763D78C1}.Debug|Any CPU.Build.0 = Debug|Any CPU
		{337E470F-7F0C-4E4E-8830-8D8B763D78C1}.Release|Any CPU.ActiveCfg = Release|Any CPU
		{337E470F-7F0C-4E4E-8830-8D8B763D78C1}.Release|Any CPU.Build.0 = Release|Any CPU
		{1FCC3D33-0272-4531-B830-3C4F70B1B72F}.Debug|Any CPU.ActiveCfg = Debug|Any CPU
		{1FCC3D33-0272-4531-B830-3C4F70B1B72F}.Debug|Any CPU.Build.0 = Debug|Any CPU
		{1FCC3D33-0272-4531-B830-3C4F70B1B72F}.Release|Any CPU.ActiveCfg = Release|Any CPU
		{1FCC3D33-0272-4531-B830-3C4F70B1B72F}.Release|Any CPU.Build.0 = Release|Any CPU
		{42738724-3660-4385-8855-A400E925CD53}.Debug|Any CPU.ActiveCfg = Debug|Any CPU
		{42738724-3660-4385-8855-A400E925CD53}.Debug|Any CPU.Build.0 = Debug|Any CPU
		{42738724-3660-4385-8855-A400E925CD53}.Release|Any CPU.ActiveCfg = Release|Any CPU
		{42738724-3660-4385-8855-A400E925CD53}.Release|Any CPU.Build.0 = Release|Any CPU
	EndGlobalSection
	GlobalSection(SolutionProperties) = preSolution
		HideSolutionNode = FALSE
	EndGlobalSection
	GlobalSection(NestedProjects) = preSolution
		{FD47C40A-8064-4E0D-9375-3DC2B915DA8D} = {0DD087C0-C91B-4ACB-B2BE-78CF93BCB551}
		{6BE3DFE2-515E-4B62-805E-5703DAD45FB7} = {0DD087C0-C91B-4ACB-B2BE-78CF93BCB551}
		{BB22901F-2A72-47BF-BF9D-7E2A7428B280} = {0DD087C0-C91B-4ACB-B2BE-78CF93BCB551}
		{4BCCEAE7-B940-41CB-BC3C-2C11193C81B3} = {0DD087C0-C91B-4ACB-B2BE-78CF93BCB551}
		{7F677956-3704-4D82-A396-F1CA695DF323} = {0DD087C0-C91B-4ACB-B2BE-78CF93BCB551}
		{16B1B05B-C194-4F72-9DC9-6113AB027721} = {0DD087C0-C91B-4ACB-B2BE-78CF93BCB551}
		{C61BE5BC-8FB0-4E0F-AC19-5F2914DA2351} = {80F8CEC0-8877-490A-812C-3387B39C516C}
		{71074D47-4DF5-4ABA-8277-B6D1066FEA09} = {80F8CEC0-8877-490A-812C-3387B39C516C}
		{540DF5B5-203D-4338-82B1-B077533AE58F} = {80F8CEC0-8877-490A-812C-3387B39C516C}
		{6C0CFA5C-2DD0-4D70-B9F8-D6F7ABDF5052} = {80F8CEC0-8877-490A-812C-3387B39C516C}
		{482A8436-6450-475E-A297-96494941B808} = {80F8CEC0-8877-490A-812C-3387B39C516C}
		{C55B2D4A-7949-4CCF-A974-921E46F4B75B} = {80F8CEC0-8877-490A-812C-3387B39C516C}
		{7AE9FD14-7CC6-4A81-8CCF-9B5E185D5DAE} = {80F8CEC0-8877-490A-812C-3387B39C516C}
		{3DD2097F-9BAF-41ED-8604-765AA68A0E24} = {568C9063-A5E2-4F1D-8EA4-DA3880A46645}
		{B45D2E74-6C68-45F4-AFBE-63D524298B0C} = {CEDBE5A6-E780-4864-872D-346B77CBF3C1}
		{0C761E70-7F0C-4405-B7DA-F4EA17857B25} = {CEDBE5A6-E780-4864-872D-346B77CBF3C1}
		{765D66A1-3EF3-459D-970C-C79364B24FCE} = {568C9063-A5E2-4F1D-8EA4-DA3880A46645}
		{11C48D4B-3CA5-424B-B256-4704A32D8431} = {C3E40F4B-FB7A-4536-9F02-CC83297942E5}
		{7D11087F-8545-4847-8046-C6ADEE687A1A} = {C3E40F4B-FB7A-4536-9F02-CC83297942E5}
		{6A3FF411-B93E-48D6-AEE5-AB75A098C090} = {C3E40F4B-FB7A-4536-9F02-CC83297942E5}
		{6A58A0AC-EC2F-46C0-8884-DC9F1D7DBA3C} = {C3E40F4B-FB7A-4536-9F02-CC83297942E5}
		{D2A38D31-A0D7-4320-BA94-291FFF3F1923} = {C3E40F4B-FB7A-4536-9F02-CC83297942E5}
		{084CCA7A-1AFC-42F5-B48E-17FFB1F41B9D} = {D2A38D31-A0D7-4320-BA94-291FFF3F1923}
		{723486ED-54B4-4A5C-8CD4-7CAE15A0C627} = {D2A38D31-A0D7-4320-BA94-291FFF3F1923}
		{82281FB6-5B2C-42EC-9D42-E5423BF870DF} = {339A434A-CBF1-4F7B-A4DF-03D0D1A96FBA}
		{337E470F-7F0C-4E4E-8830-8D8B763D78C1} = {339A434A-CBF1-4F7B-A4DF-03D0D1A96FBA}
		{1FCC3D33-0272-4531-B830-3C4F70B1B72F} = {339A434A-CBF1-4F7B-A4DF-03D0D1A96FBA}
		{42738724-3660-4385-8855-A400E925CD53} = {34C9378A-AA68-42C6-9713-825DA2136A19}
	EndGlobalSection
EndGlobal
